<?xml version="1.0" encoding="utf-8"?>
<Project ToolsVersion="4.0" xmlns="http://schemas.microsoft.com/developer/msbuild/2003">
  <ItemGroup>
    <Filter Include="Source Files">
      <UniqueIdentifier>{4FC737F1-C7A5-4376-A066-2A32D752A2FF}</UniqueIdentifier>
      <Extensions>cpp;c;cc;cxx;def;odl;idl;hpj;bat;asm;asmx</Extensions>
    </Filter>
    <Filter Include="Header Files">
      <UniqueIdentifier>{93995380-89BD-4b04-88EB-625FBE52EBFB}</UniqueIdentifier>
      <Extensions>h;hh;hpp;hxx;hm;inl;inc;xsd</Extensions>
    </Filter>
    <Filter Include="Resource Files">
      <UniqueIdentifier>{67DA6AB6-F800-4c08-8B7A-83BB121AAD01}</UniqueIdentifier>
      <Extensions>rc;ico;cur;bmp;dlg;rc2;rct;bin;rgs;gif;jpg;jpeg;jpe;resx;tiff;tif;png;wav;mfcribbon-ms</Extensions>
    </Filter>
    <Filter Include="Source Files\OOP">
      <UniqueIdentifier>{f32e52c2-5c5f-45c3-b37b-6c698f9b8bb4}</UniqueIdentifier>
    </Filter>
    <Filter Include="Header Files\OOP">
      <UniqueIdentifier>{33246a72-bf1d-403b-8dee-3fa21dfe15fb}</UniqueIdentifier>
    </Filter>
    <Filter Include="Source Files\TemplateProgramming">
      <UniqueIdentifier>{dcbd5fbb-8bb1-4cd4-8044-fe2110202dea}</UniqueIdentifier>
    </Filter>
    <Filter Include="Header Files\TemplateProgramming">
      <UniqueIdentifier>{7d44a1d1-a723-43be-902d-d6ecada7413d}</UniqueIdentifier>
    </Filter>
    <Filter Include="Source Files\MemoryManagement">
      <UniqueIdentifier>{e1800efb-3178-4932-b54a-f242187a2dad}</UniqueIdentifier>
    </Filter>
    <Filter Include="Header Files\MemoryManagement">
      <UniqueIdentifier>{15c212ef-3ebf-4878-983b-d67e29f39e83}</UniqueIdentifier>
    </Filter>
    <Filter Include="Source Files\Compilation-Linking">
      <UniqueIdentifier>{7b310033-c0bf-4725-903f-538621ed8aa3}</UniqueIdentifier>
    </Filter>
    <Filter Include="Header Files\Compilation-Linking">
      <UniqueIdentifier>{d9cb51b7-180c-4947-809b-daaca16303a9}</UniqueIdentifier>
    </Filter>
    <Filter Include="Source Files\AdvancedTopics">
      <UniqueIdentifier>{bfd982f3-1175-4eaf-9463-bb40aef0af46}</UniqueIdentifier>
    </Filter>
    <Filter Include="Header Files\AdvancedTopics">
      <UniqueIdentifier>{7534e6d7-ae44-40ec-8c86-0161714d30b5}</UniqueIdentifier>
    </Filter>
  </ItemGroup>
  <ItemGroup>
    <Text Include="ReadMe.txt" />
    <Text Include="Resources\SampleData.txt">
      <Filter>Resource Files</Filter>
    </Text>
  </ItemGroup>
  <ItemGroup>
    <ClInclude Include="stdafx.h">
      <Filter>Header Files</Filter>
    </ClInclude>
    <ClInclude Include="targetver.h">
      <Filter>Header Files</Filter>
    </ClInclude>
    <ClInclude Include="Car.h">
      <Filter>Header Files\OOP</Filter>
    </ClInclude>
    <ClInclude Include="HatchbackCar.h">
      <Filter>Header Files\OOP</Filter>
    </ClInclude>
    <ClInclude Include="HyundaiCreta.h">
      <Filter>Header Files\OOP</Filter>
    </ClInclude>
    <ClInclude Include="MarutiSwift.h">
      <Filter>Header Files\OOP</Filter>
    </ClInclude>
    <ClInclude Include="SUV.h">
      <Filter>Header Files\OOP</Filter>
    </ClInclude>
    <ClInclude Include="Student.h">
      <Filter>Header Files\OOP</Filter>
    </ClInclude>
    <ClInclude Include="Templates.h">
      <Filter>Header Files\TemplateProgramming</Filter>
    </ClInclude>
    <ClInclude Include="MemoryManagement.h">
      <Filter>Header Files\MemoryManagement</Filter>
    </ClInclude>
    <ClInclude Include="CompilationLinking.h">
      <Filter>Header Files\Compilation-Linking</Filter>
    </ClInclude>
    <ClInclude Include="HatchSuv.h">
      <Filter>Header Files\OOP</Filter>
    </ClInclude>
    <ClInclude Include="AdvancedTopics.h">
      <Filter>Header Files\AdvancedTopics</Filter>
    </ClInclude>
  </ItemGroup>
  <ItemGroup>
    <ClCompile Include="stdafx.cpp">
      <Filter>Source Files</Filter>
    </ClCompile>
    <ClCompile Include="CppBasics.cpp">
      <Filter>Source Files</Filter>
    </ClCompile>
    <ClCompile Include="MarutiSwift.cpp">
      <Filter>Source Files\OOP</Filter>
    </ClCompile>
    <ClCompile Include="Car.cpp">
      <Filter>Source Files\OOP</Filter>
    </ClCompile>
    <ClCompile Include="HyundaiCreta.cpp">
      <Filter>Source Files\OOP</Filter>
    </ClCompile>
    <ClCompile Include="HatchbackCar.cpp">
      <Filter>Source Files\OOP</Filter>
    </ClCompile>
    <ClCompile Include="SUV.cpp">
      <Filter>Source Files\OOP</Filter>
    </ClCompile>
    <ClCompile Include="Student.cpp">
      <Filter>Source Files\OOP</Filter>
    </ClCompile>
    <ClCompile Include="Templates.cpp">
      <Filter>Source Files\TemplateProgramming</Filter>
    </ClCompile>
    <ClCompile Include="MemoryManagement.cpp">
      <Filter>Source Files\MemoryManagement</Filter>
    </ClCompile>
    <ClCompile Include="CompilationLinking.cpp">
      <Filter>Source Files\Compilation-Linking</Filter>
    </ClCompile>
    <ClCompile Include="HatchSuv.cpp">
      <Filter>Source Files\OOP</Filter>
    </ClCompile>
    <ClCompile Include="AdvancedTopics.cpp">
      <Filter>Source Files\AdvancedTopics</Filter>
    </ClCompile>
  </ItemGroup>
</Project>